
Microsoft Visual Studio Solution File, Format Version 12.00
# Visual Studio 15
VisualStudioVersion = 15.0.27004.2002
MinimumVisualStudioVersion = 10.0.40219.1
Project("{8BC9CEB8-8B4A-11D0-8D11-00A0C91BC942}") = "Labs", "Labs\Labs.vcxproj", "{327C98C8-F094-440E-A226-C0AE0AF88C01}"
EndProject
Project("{8BC9CEB8-8B4A-11D0-8D11-00A0C91BC942}") = "Snake", "Snake\Snake.vcxproj", "{A4457E78-F929-4CFF-BB67-C54EFEB99127}"
EndProject
Project("{8BC9CEB8-8B4A-11D0-8D11-00A0C91BC942}") = "Const", "Const\Const.vcxproj", "{FA9C7D4F-0C6B-4744-A74B-CD72A26D3F69}"
EndProject
Project("{8BC9CEB8-8B4A-11D0-8D11-00A0C91BC942}") = "PhoneBook", "PhoneBook\PhoneBook.vcxproj", "{BC601E37-C67D-4D45-B12D-6ABEC5DFF56E}"
EndProject
Project("{8BC9CEB8-8B4A-11D0-8D11-00A0C91BC942}") = "Polymorph", "Polymorph\Polymorph.vcxproj", "{A45D14F1-EF6E-4E16-ABAA-074E34C79B4D}"
EndProject
Project("{8BC9CEB8-8B4A-11D0-8D11-00A0C91BC942}") = "Test", "Test\Test.vcxproj", "{E9768FE5-1958-44AC-BE2D-60547A6B4525}"
EndProject
Project("{8BC9CEB8-8B4A-11D0-8D11-00A0C91BC942}") = "Operators", "Operators\Operators.vcxproj", "{E765095A-669D-480A-90A5-51D115528FA2}"
EndProject
Global
	GlobalSection(SolutionConfigurationPlatforms) = preSolution
		Debug|x64 = Debug|x64
		Debug|x86 = Debug|x86
		Release|x64 = Release|x64
		Release|x86 = Release|x86
	EndGlobalSection
	GlobalSection(ProjectConfigurationPlatforms) = postSolution
		{327C98C8-F094-440E-A226-C0AE0AF88C01}.Debug|x64.ActiveCfg = Debug|x64
		{327C98C8-F094-440E-A226-C0AE0AF88C01}.Debug|x64.Build.0 = Debug|x64
		{327C98C8-F094-440E-A226-C0AE0AF88C01}.Debug|x86.ActiveCfg = Debug|Win32
		{327C98C8-F094-440E-A226-C0AE0AF88C01}.Debug|x86.Build.0 = Debug|Win32
		{327C98C8-F094-440E-A226-C0AE0AF88C01}.Release|x64.ActiveCfg = Release|x64
		{327C98C8-F094-440E-A226-C0AE0AF88C01}.Release|x64.Build.0 = Release|x64
		{327C98C8-F094-440E-A226-C0AE0AF88C01}.Release|x86.ActiveCfg = Release|Win32
		{327C98C8-F094-440E-A226-C0AE0AF88C01}.Release|x86.Build.0 = Release|Win32
		{A4457E78-F929-4CFF-BB67-C54EFEB99127}.Debug|x64.ActiveCfg = Debug|x64
		{A4457E78-F929-4CFF-BB67-C54EFEB99127}.Debug|x64.Build.0 = Debug|x64
		{A4457E78-F929-4CFF-BB67-C54EFEB99127}.Debug|x86.ActiveCfg = Debug|Win32
		{A4457E78-F929-4CFF-BB67-C54EFEB99127}.Debug|x86.Build.0 = Debug|Win32
		{A4457E78-F929-4CFF-BB67-C54EFEB99127}.Release|x64.ActiveCfg = Release|x64
		{A4457E78-F929-4CFF-BB67-C54EFEB99127}.Release|x64.Build.0 = Release|x64
		{A4457E78-F929-4CFF-BB67-C54EFEB99127}.Release|x86.ActiveCfg = Release|Win32
		{A4457E78-F929-4CFF-BB67-C54EFEB99127}.Release|x86.Build.0 = Release|Win32
		{FA9C7D4F-0C6B-4744-A74B-CD72A26D3F69}.Debug|x64.ActiveCfg = Debug|x64
		{FA9C7D4F-0C6B-4744-A74B-CD72A26D3F69}.Debug|x64.Build.0 = Debug|x64
		{FA9C7D4F-0C6B-4744-A74B-CD72A26D3F69}.Debug|x86.ActiveCfg = Debug|Win32
		{FA9C7D4F-0C6B-4744-A74B-CD72A26D3F69}.Debug|x86.Build.0 = Debug|Win32
		{FA9C7D4F-0C6B-4744-A74B-CD72A26D3F69}.Release|x64.ActiveCfg = Release|x64
		{FA9C7D4F-0C6B-4744-A74B-CD72A26D3F69}.Release|x64.Build.0 = Release|x64
		{FA9C7D4F-0C6B-4744-A74B-CD72A26D3F69}.Release|x86.ActiveCfg = Release|Win32
		{FA9C7D4F-0C6B-4744-A74B-CD72A26D3F69}.Release|x86.Build.0 = Release|Win32
		{BC601E37-C67D-4D45-B12D-6ABEC5DFF56E}.Debug|x64.ActiveCfg = Debug|x64
		{BC601E37-C67D-4D45-B12D-6ABEC5DFF56E}.Debug|x64.Build.0 = Debug|x64
		{BC601E37-C67D-4D45-B12D-6ABEC5DFF56E}.Debug|x86.ActiveCfg = Debug|Win32
		{BC601E37-C67D-4D45-B12D-6ABEC5DFF56E}.Debug|x86.Build.0 = Debug|Win32
		{BC601E37-C67D-4D45-B12D-6ABEC5DFF56E}.Release|x64.ActiveCfg = Release|x64
		{BC601E37-C67D-4D45-B12D-6ABEC5DFF56E}.Release|x64.Build.0 = Release|x64
		{BC601E37-C67D-4D45-B12D-6ABEC5DFF56E}.Release|x86.ActiveCfg = Release|Win32
		{BC601E37-C67D-4D45-B12D-6ABEC5DFF56E}.Release|x86.Build.0 = Release|Win32
		{A45D14F1-EF6E-4E16-ABAA-074E34C79B4D}.Debug|x64.ActiveCfg = Debug|x64
		{A45D14F1-EF6E-4E16-ABAA-074E34C79B4D}.Debug|x64.Build.0 = Debug|x64
		{A45D14F1-EF6E-4E16-ABAA-074E34C79B4D}.Debug|x86.ActiveCfg = Debug|Win32
		{A45D14F1-EF6E-4E16-ABAA-074E34C79B4D}.Debug|x86.Build.0 = Debug|Win32
		{A45D14F1-EF6E-4E16-ABAA-074E34C79B4D}.Release|x64.ActiveCfg = Release|x64
		{A45D14F1-EF6E-4E16-ABAA-074E34C79B4D}.Release|x64.Build.0 = Release|x64
		{A45D14F1-EF6E-4E16-ABAA-074E34C79B4D}.Release|x86.ActiveCfg = Release|Win32
		{A45D14F1-EF6E-4E16-ABAA-074E34C79B4D}.Release|x86.Build.0 = Release|Win32
		{E9768FE5-1958-44AC-BE2D-60547A6B4525}.Debug|x64.ActiveCfg = Debug|x64
		{E9768FE5-1958-44AC-BE2D-60547A6B4525}.Debug|x64.Build.0 = Debug|x64
		{E9768FE5-1958-44AC-BE2D-60547A6B4525}.Debug|x86.ActiveCfg = Debug|Win32
		{E9768FE5-1958-44AC-BE2D-60547A6B4525}.Debug|x86.Build.0 = Debug|Win32
		{E9768FE5-1958-44AC-BE2D-60547A6B4525}.Release|x64.ActiveCfg = Release|x64
		{E9768FE5-1958-44AC-BE2D-60547A6B4525}.Release|x64.Build.0 = Release|x64
		{E9768FE5-1958-44AC-BE2D-60547A6B4525}.Release|x86.ActiveCfg = Release|Win32
		{E9768FE5-1958-44AC-BE2D-60547A6B4525}.Release|x86.Build.0 = Release|Win32
		{E765095A-669D-480A-90A5-51D115528FA2}.Debug|x64.ActiveCfg = Debug|x64
		{E765095A-669D-480A-90A5-51D115528FA2}.Debug|x64.Build.0 = Debug|x64
		{E765095A-669D-480A-90A5-51D115528FA2}.Debug|x86.ActiveCfg = Debug|Win32
		{E765095A-669D-480A-90A5-51D115528FA2}.Debug|x86.Build.0 = Debug|Win32
		{E765095A-669D-480A-90A5-51D115528FA2}.Release|x64.ActiveCfg = Release|x64
		{E765095A-669D-480A-90A5-51D115528FA2}.Release|x64.Build.0 = Release|x64
		{E765095A-669D-480A-90A5-51D115528FA2}.Release|x86.ActiveCfg = Release|Win32
		{E765095A-669D-480A-90A5-51D115528FA2}.Release|x86.Build.0 = Release|Win32
	EndGlobalSection
	GlobalSection(SolutionProperties) = preSolution
		HideSolutionNode = FALSE
	EndGlobalSection
	GlobalSection(ExtensibilityGlobals) = postSolution
		SolutionGuid = {B63328D4-C686-41A8-AA4F-1187B946A886}
	EndGlobalSection
EndGlobal
