
Microsoft Visual Studio Solution File, Format Version 12.00
# Visual Studio 15
VisualStudioVersion = 15.0.27004.2002
MinimumVisualStudioVersion = 10.0.40219.1
Project("{8BC9CEB8-8B4A-11D0-8D11-00A0C91BC942}") = "Labs", "Labs\Labs.vcxproj", "{327C98C8-F094-440E-A226-C0AE0AF88C01}"
EndProject
Project("{8BC9CEB8-8B4A-11D0-8D11-00A0C91BC942}") = "Snake", "Snake\Snake.vcxproj", "{A4457E78-F929-4CFF-BB67-C54EFEB99127}"
EndProject
Project("{8BC9CEB8-8B4A-11D0-8D11-00A0C91BC942}") = "Const", "Const\Const.vcxproj", "{FA9C7D4F-0C6B-4744-A74B-CD72A26D3F69}"
EndProject
Project("{8BC9CEB8-8B4A-11D0-8D11-00A0C91BC942}") = "PhoneBook", "PhoneBook\PhoneBook.vcxproj", "{BC601E37-C67D-4D45-B12D-6ABEC5DFF56E}"
EndProject
Project("{8BC9CEB8-8B4A-11D0-8D11-00A0C91BC942}") = "Polymorph", "Polymorph\Polymorph.vcxproj", "{A45D14F1-EF6E-4E16-ABAA-074E34C79B4D}"
EndProject
Project("{8BC9CEB8-8B4A-11D0-8D11-00A0C91BC942}") = "Test", "Test\Test.vcxproj", "{E9768FE5-1958-44AC-BE2D-60547A6B4525}"
EndProject
Project("{8BC9CEB8-8B4A-11D0-8D11-00A0C91BC942}") = "Operators", "Operators\Operators.vcxproj", "{E765095A-669D-480A-90A5-51D115528FA2}"
EndProject
Project("{8BC9CEB8-8B4A-11D0-8D11-00A0C91BC942}") = "Dynamics", "Dynamics\Dynamics.vcxproj", "{B6A2358C-AAB0-47BB-A344-E48091112F22}"
EndProject
Project("{8BC9CEB8-8B4A-11D0-8D11-00A0C91BC942}") = "PracticeOnOperators", "PracticeOnOperators\PracticeOnOperators.vcxproj", "{AF63D693-336E-43BE-A9D8-6D92791A74A1}"
EndProject
Project("{8BC9CEB8-8B4A-11D0-8D11-00A0C91BC942}") = "Templates", "Templates\Templates.vcxproj", "{0C2EF0DD-5724-4B1E-A53B-C8A0A28577A9}"
EndProject
Project("{8BC9CEB8-8B4A-11D0-8D11-00A0C91BC942}") = "AdvancedTemplates", "AdvancedTemplates\AdvancedTemplates.vcxproj", "{805C83A0-B36D-493A-81DC-A18DEE67452B}"
EndProject
Project("{8BC9CEB8-8B4A-11D0-8D11-00A0C91BC942}") = "Args", "Args\Args.vcxproj", "{84AB65C6-0265-47AC-92CF-5E896DED005B}"
EndProject
Project("{8BC9CEB8-8B4A-11D0-8D11-00A0C91BC942}") = "Stack", "Stack\Stack.vcxproj", "{21D0E7F7-5D62-43A3-8165-2FD6ABEB16D1}"
EndProject
Project("{8BC9CEB8-8B4A-11D0-8D11-00A0C91BC942}") = "Queue", "Queue\Queue.vcxproj", "{3A6E42EB-4299-426A-BBA6-DE15FC624F5D}"
EndProject
Project("{8BC9CEB8-8B4A-11D0-8D11-00A0C91BC942}") = "List", "List\List.vcxproj", "{F13924A0-D81F-4740-8579-0107B338971B}"
EndProject
Project("{8BC9CEB8-8B4A-11D0-8D11-00A0C91BC942}") = "DoubleList", "DoubleList\DoubleList.vcxproj", "{9C035C69-4136-4FB8-B3EF-6788E2FEDB26}"
EndProject
Project("{8BC9CEB8-8B4A-11D0-8D11-00A0C91BC942}") = "TreeExample", "TreeExample\TreeExample.vcxproj", "{86BA0934-E346-4E5F-AB1F-6255BD8301B5}"
EndProject
Global
	GlobalSection(SolutionConfigurationPlatforms) = preSolution
		Debug|x64 = Debug|x64
		Debug|x86 = Debug|x86
		Release|x64 = Release|x64
		Release|x86 = Release|x86
	EndGlobalSection
	GlobalSection(ProjectConfigurationPlatforms) = postSolution
		{327C98C8-F094-440E-A226-C0AE0AF88C01}.Debug|x64.ActiveCfg = Debug|x64
		{327C98C8-F094-440E-A226-C0AE0AF88C01}.Debug|x64.Build.0 = Debug|x64
		{327C98C8-F094-440E-A226-C0AE0AF88C01}.Debug|x86.ActiveCfg = Debug|Win32
		{327C98C8-F094-440E-A226-C0AE0AF88C01}.Debug|x86.Build.0 = Debug|Win32
		{327C98C8-F094-440E-A226-C0AE0AF88C01}.Release|x64.ActiveCfg = Release|x64
		{327C98C8-F094-440E-A226-C0AE0AF88C01}.Release|x64.Build.0 = Release|x64
		{327C98C8-F094-440E-A226-C0AE0AF88C01}.Release|x86.ActiveCfg = Release|Win32
		{327C98C8-F094-440E-A226-C0AE0AF88C01}.Release|x86.Build.0 = Release|Win32
		{A4457E78-F929-4CFF-BB67-C54EFEB99127}.Debug|x64.ActiveCfg = Debug|x64
		{A4457E78-F929-4CFF-BB67-C54EFEB99127}.Debug|x64.Build.0 = Debug|x64
		{A4457E78-F929-4CFF-BB67-C54EFEB99127}.Debug|x86.ActiveCfg = Debug|Win32
		{A4457E78-F929-4CFF-BB67-C54EFEB99127}.Debug|x86.Build.0 = Debug|Win32
		{A4457E78-F929-4CFF-BB67-C54EFEB99127}.Release|x64.ActiveCfg = Release|x64
		{A4457E78-F929-4CFF-BB67-C54EFEB99127}.Release|x64.Build.0 = Release|x64
		{A4457E78-F929-4CFF-BB67-C54EFEB99127}.Release|x86.ActiveCfg = Release|Win32
		{A4457E78-F929-4CFF-BB67-C54EFEB99127}.Release|x86.Build.0 = Release|Win32
		{FA9C7D4F-0C6B-4744-A74B-CD72A26D3F69}.Debug|x64.ActiveCfg = Debug|x64
		{FA9C7D4F-0C6B-4744-A74B-CD72A26D3F69}.Debug|x64.Build.0 = Debug|x64
		{FA9C7D4F-0C6B-4744-A74B-CD72A26D3F69}.Debug|x86.ActiveCfg = Debug|Win32
		{FA9C7D4F-0C6B-4744-A74B-CD72A26D3F69}.Debug|x86.Build.0 = Debug|Win32
		{FA9C7D4F-0C6B-4744-A74B-CD72A26D3F69}.Release|x64.ActiveCfg = Release|x64
		{FA9C7D4F-0C6B-4744-A74B-CD72A26D3F69}.Release|x64.Build.0 = Release|x64
		{FA9C7D4F-0C6B-4744-A74B-CD72A26D3F69}.Release|x86.ActiveCfg = Release|Win32
		{FA9C7D4F-0C6B-4744-A74B-CD72A26D3F69}.Release|x86.Build.0 = Release|Win32
		{BC601E37-C67D-4D45-B12D-6ABEC5DFF56E}.Debug|x64.ActiveCfg = Debug|x64
		{BC601E37-C67D-4D45-B12D-6ABEC5DFF56E}.Debug|x64.Build.0 = Debug|x64
		{BC601E37-C67D-4D45-B12D-6ABEC5DFF56E}.Debug|x86.ActiveCfg = Debug|Win32
		{BC601E37-C67D-4D45-B12D-6ABEC5DFF56E}.Debug|x86.Build.0 = Debug|Win32
		{BC601E37-C67D-4D45-B12D-6ABEC5DFF56E}.Release|x64.ActiveCfg = Release|x64
		{BC601E37-C67D-4D45-B12D-6ABEC5DFF56E}.Release|x64.Build.0 = Release|x64
		{BC601E37-C67D-4D45-B12D-6ABEC5DFF56E}.Release|x86.ActiveCfg = Release|Win32
		{BC601E37-C67D-4D45-B12D-6ABEC5DFF56E}.Release|x86.Build.0 = Release|Win32
		{A45D14F1-EF6E-4E16-ABAA-074E34C79B4D}.Debug|x64.ActiveCfg = Debug|x64
		{A45D14F1-EF6E-4E16-ABAA-074E34C79B4D}.Debug|x64.Build.0 = Debug|x64
		{A45D14F1-EF6E-4E16-ABAA-074E34C79B4D}.Debug|x86.ActiveCfg = Debug|Win32
		{A45D14F1-EF6E-4E16-ABAA-074E34C79B4D}.Debug|x86.Build.0 = Debug|Win32
		{A45D14F1-EF6E-4E16-ABAA-074E34C79B4D}.Release|x64.ActiveCfg = Release|x64
		{A45D14F1-EF6E-4E16-ABAA-074E34C79B4D}.Release|x64.Build.0 = Release|x64
		{A45D14F1-EF6E-4E16-ABAA-074E34C79B4D}.Release|x86.ActiveCfg = Release|Win32
		{A45D14F1-EF6E-4E16-ABAA-074E34C79B4D}.Release|x86.Build.0 = Release|Win32
		{E9768FE5-1958-44AC-BE2D-60547A6B4525}.Debug|x64.ActiveCfg = Debug|x64
		{E9768FE5-1958-44AC-BE2D-60547A6B4525}.Debug|x64.Build.0 = Debug|x64
		{E9768FE5-1958-44AC-BE2D-60547A6B4525}.Debug|x86.ActiveCfg = Debug|Win32
		{E9768FE5-1958-44AC-BE2D-60547A6B4525}.Debug|x86.Build.0 = Debug|Win32
		{E9768FE5-1958-44AC-BE2D-60547A6B4525}.Release|x64.ActiveCfg = Release|x64
		{E9768FE5-1958-44AC-BE2D-60547A6B4525}.Release|x64.Build.0 = Release|x64
		{E9768FE5-1958-44AC-BE2D-60547A6B4525}.Release|x86.ActiveCfg = Release|Win32
		{E9768FE5-1958-44AC-BE2D-60547A6B4525}.Release|x86.Build.0 = Release|Win32
		{E765095A-669D-480A-90A5-51D115528FA2}.Debug|x64.ActiveCfg = Debug|x64
		{E765095A-669D-480A-90A5-51D115528FA2}.Debug|x64.Build.0 = Debug|x64
		{E765095A-669D-480A-90A5-51D115528FA2}.Debug|x86.ActiveCfg = Debug|Win32
		{E765095A-669D-480A-90A5-51D115528FA2}.Debug|x86.Build.0 = Debug|Win32
		{E765095A-669D-480A-90A5-51D115528FA2}.Release|x64.ActiveCfg = Release|x64
		{E765095A-669D-480A-90A5-51D115528FA2}.Release|x64.Build.0 = Release|x64
		{E765095A-669D-480A-90A5-51D115528FA2}.Release|x86.ActiveCfg = Release|Win32
		{E765095A-669D-480A-90A5-51D115528FA2}.Release|x86.Build.0 = Release|Win32
		{B6A2358C-AAB0-47BB-A344-E48091112F22}.Debug|x64.ActiveCfg = Debug|x64
		{B6A2358C-AAB0-47BB-A344-E48091112F22}.Debug|x64.Build.0 = Debug|x64
		{B6A2358C-AAB0-47BB-A344-E48091112F22}.Debug|x86.ActiveCfg = Debug|Win32
		{B6A2358C-AAB0-47BB-A344-E48091112F22}.Debug|x86.Build.0 = Debug|Win32
		{B6A2358C-AAB0-47BB-A344-E48091112F22}.Release|x64.ActiveCfg = Release|x64
		{B6A2358C-AAB0-47BB-A344-E48091112F22}.Release|x64.Build.0 = Release|x64
		{B6A2358C-AAB0-47BB-A344-E48091112F22}.Release|x86.ActiveCfg = Release|Win32
		{B6A2358C-AAB0-47BB-A344-E48091112F22}.Release|x86.Build.0 = Release|Win32
		{AF63D693-336E-43BE-A9D8-6D92791A74A1}.Debug|x64.ActiveCfg = Debug|x64
		{AF63D693-336E-43BE-A9D8-6D92791A74A1}.Debug|x64.Build.0 = Debug|x64
		{AF63D693-336E-43BE-A9D8-6D92791A74A1}.Debug|x86.ActiveCfg = Debug|Win32
		{AF63D693-336E-43BE-A9D8-6D92791A74A1}.Debug|x86.Build.0 = Debug|Win32
		{AF63D693-336E-43BE-A9D8-6D92791A74A1}.Release|x64.ActiveCfg = Release|x64
		{AF63D693-336E-43BE-A9D8-6D92791A74A1}.Release|x64.Build.0 = Release|x64
		{AF63D693-336E-43BE-A9D8-6D92791A74A1}.Release|x86.ActiveCfg = Release|Win32
		{AF63D693-336E-43BE-A9D8-6D92791A74A1}.Release|x86.Build.0 = Release|Win32
		{0C2EF0DD-5724-4B1E-A53B-C8A0A28577A9}.Debug|x64.ActiveCfg = Debug|x64
		{0C2EF0DD-5724-4B1E-A53B-C8A0A28577A9}.Debug|x64.Build.0 = Debug|x64
		{0C2EF0DD-5724-4B1E-A53B-C8A0A28577A9}.Debug|x86.ActiveCfg = Debug|Win32
		{0C2EF0DD-5724-4B1E-A53B-C8A0A28577A9}.Debug|x86.Build.0 = Debug|Win32
		{0C2EF0DD-5724-4B1E-A53B-C8A0A28577A9}.Release|x64.ActiveCfg = Release|x64
		{0C2EF0DD-5724-4B1E-A53B-C8A0A28577A9}.Release|x64.Build.0 = Release|x64
		{0C2EF0DD-5724-4B1E-A53B-C8A0A28577A9}.Release|x86.ActiveCfg = Release|Win32
		{0C2EF0DD-5724-4B1E-A53B-C8A0A28577A9}.Release|x86.Build.0 = Release|Win32
		{805C83A0-B36D-493A-81DC-A18DEE67452B}.Debug|x64.ActiveCfg = Debug|x64
		{805C83A0-B36D-493A-81DC-A18DEE67452B}.Debug|x64.Build.0 = Debug|x64
		{805C83A0-B36D-493A-81DC-A18DEE67452B}.Debug|x86.ActiveCfg = Debug|Win32
		{805C83A0-B36D-493A-81DC-A18DEE67452B}.Debug|x86.Build.0 = Debug|Win32
		{805C83A0-B36D-493A-81DC-A18DEE67452B}.Release|x64.ActiveCfg = Release|x64
		{805C83A0-B36D-493A-81DC-A18DEE67452B}.Release|x64.Build.0 = Release|x64
		{805C83A0-B36D-493A-81DC-A18DEE67452B}.Release|x86.ActiveCfg = Release|Win32
		{805C83A0-B36D-493A-81DC-A18DEE67452B}.Release|x86.Build.0 = Release|Win32
		{84AB65C6-0265-47AC-92CF-5E896DED005B}.Debug|x64.ActiveCfg = Debug|x64
		{84AB65C6-0265-47AC-92CF-5E896DED005B}.Debug|x64.Build.0 = Debug|x64
		{84AB65C6-0265-47AC-92CF-5E896DED005B}.Debug|x86.ActiveCfg = Debug|Win32
		{84AB65C6-0265-47AC-92CF-5E896DED005B}.Debug|x86.Build.0 = Debug|Win32
		{84AB65C6-0265-47AC-92CF-5E896DED005B}.Release|x64.ActiveCfg = Release|x64
		{84AB65C6-0265-47AC-92CF-5E896DED005B}.Release|x64.Build.0 = Release|x64
		{84AB65C6-0265-47AC-92CF-5E896DED005B}.Release|x86.ActiveCfg = Release|Win32
		{84AB65C6-0265-47AC-92CF-5E896DED005B}.Release|x86.Build.0 = Release|Win32
		{21D0E7F7-5D62-43A3-8165-2FD6ABEB16D1}.Debug|x64.ActiveCfg = Debug|x64
		{21D0E7F7-5D62-43A3-8165-2FD6ABEB16D1}.Debug|x64.Build.0 = Debug|x64
		{21D0E7F7-5D62-43A3-8165-2FD6ABEB16D1}.Debug|x86.ActiveCfg = Debug|Win32
		{21D0E7F7-5D62-43A3-8165-2FD6ABEB16D1}.Debug|x86.Build.0 = Debug|Win32
		{21D0E7F7-5D62-43A3-8165-2FD6ABEB16D1}.Release|x64.ActiveCfg = Release|x64
		{21D0E7F7-5D62-43A3-8165-2FD6ABEB16D1}.Release|x64.Build.0 = Release|x64
		{21D0E7F7-5D62-43A3-8165-2FD6ABEB16D1}.Release|x86.ActiveCfg = Release|Win32
		{21D0E7F7-5D62-43A3-8165-2FD6ABEB16D1}.Release|x86.Build.0 = Release|Win32
		{3A6E42EB-4299-426A-BBA6-DE15FC624F5D}.Debug|x64.ActiveCfg = Debug|x64
		{3A6E42EB-4299-426A-BBA6-DE15FC624F5D}.Debug|x64.Build.0 = Debug|x64
		{3A6E42EB-4299-426A-BBA6-DE15FC624F5D}.Debug|x86.ActiveCfg = Debug|Win32
		{3A6E42EB-4299-426A-BBA6-DE15FC624F5D}.Debug|x86.Build.0 = Debug|Win32
		{3A6E42EB-4299-426A-BBA6-DE15FC624F5D}.Release|x64.ActiveCfg = Release|x64
		{3A6E42EB-4299-426A-BBA6-DE15FC624F5D}.Release|x64.Build.0 = Release|x64
		{3A6E42EB-4299-426A-BBA6-DE15FC624F5D}.Release|x86.ActiveCfg = Release|Win32
		{3A6E42EB-4299-426A-BBA6-DE15FC624F5D}.Release|x86.Build.0 = Release|Win32
		{F13924A0-D81F-4740-8579-0107B338971B}.Debug|x64.ActiveCfg = Debug|x64
		{F13924A0-D81F-4740-8579-0107B338971B}.Debug|x64.Build.0 = Debug|x64
		{F13924A0-D81F-4740-8579-0107B338971B}.Debug|x86.ActiveCfg = Debug|Win32
		{F13924A0-D81F-4740-8579-0107B338971B}.Debug|x86.Build.0 = Debug|Win32
		{F13924A0-D81F-4740-8579-0107B338971B}.Release|x64.ActiveCfg = Release|x64
		{F13924A0-D81F-4740-8579-0107B338971B}.Release|x64.Build.0 = Release|x64
		{F13924A0-D81F-4740-8579-0107B338971B}.Release|x86.ActiveCfg = Release|Win32
		{F13924A0-D81F-4740-8579-0107B338971B}.Release|x86.Build.0 = Release|Win32
		{9C035C69-4136-4FB8-B3EF-6788E2FEDB26}.Debug|x64.ActiveCfg = Debug|x64
		{9C035C69-4136-4FB8-B3EF-6788E2FEDB26}.Debug|x64.Build.0 = Debug|x64
		{9C035C69-4136-4FB8-B3EF-6788E2FEDB26}.Debug|x86.ActiveCfg = Debug|Win32
		{9C035C69-4136-4FB8-B3EF-6788E2FEDB26}.Debug|x86.Build.0 = Debug|Win32
		{9C035C69-4136-4FB8-B3EF-6788E2FEDB26}.Release|x64.ActiveCfg = Release|x64
		{9C035C69-4136-4FB8-B3EF-6788E2FEDB26}.Release|x64.Build.0 = Release|x64
		{9C035C69-4136-4FB8-B3EF-6788E2FEDB26}.Release|x86.ActiveCfg = Release|Win32
		{9C035C69-4136-4FB8-B3EF-6788E2FEDB26}.Release|x86.Build.0 = Release|Win32
		{86BA0934-E346-4E5F-AB1F-6255BD8301B5}.Debug|x64.ActiveCfg = Debug|x64
		{86BA0934-E346-4E5F-AB1F-6255BD8301B5}.Debug|x64.Build.0 = Debug|x64
		{86BA0934-E346-4E5F-AB1F-6255BD8301B5}.Debug|x86.ActiveCfg = Debug|Win32
		{86BA0934-E346-4E5F-AB1F-6255BD8301B5}.Debug|x86.Build.0 = Debug|Win32
		{86BA0934-E346-4E5F-AB1F-6255BD8301B5}.Release|x64.ActiveCfg = Release|x64
		{86BA0934-E346-4E5F-AB1F-6255BD8301B5}.Release|x64.Build.0 = Release|x64
		{86BA0934-E346-4E5F-AB1F-6255BD8301B5}.Release|x86.ActiveCfg = Release|Win32
		{86BA0934-E346-4E5F-AB1F-6255BD8301B5}.Release|x86.Build.0 = Release|Win32
	EndGlobalSection
	GlobalSection(SolutionProperties) = preSolution
		HideSolutionNode = FALSE
	EndGlobalSection
	GlobalSection(ExtensibilityGlobals) = postSolution
		SolutionGuid = {B63328D4-C686-41A8-AA4F-1187B946A886}
	EndGlobalSection
EndGlobal
